github.com/flytam/filenamify v1.1.0 h1:iEOcC/1UgxJf4lp2E2CWtYO7TMyYmgb2RPSTou89FLs=
github.com/flytam/filenamify v1.1.0/go.mod h1:Dzf9kVycwcsBlr2ATg6uxjqiFgKGH+5SKFuhdeP5zu8=
github.com/mattn/go-sqlite3 v1.14.13 h1:1tj15ngiFfcZzii7yd82foL+ks+ouQcj8j/TPq3fk1I=
github.com/mattn/go-sqlite3 v1.14.13/go.mod h1:NyWgC/yNuGj7Q9rpYnZvas74GogHl5/Z4A/KQRfk6bU=
